// !$*UTF8*$!
{
	archiveVersion = 1;
	classes = {
	};
	objectVersion = 55;
	objects = {

/* Begin PBXBuildFile section */
		B6D206F9E20BC955091587A7 /* Pods_NetworkPerformanceEvaluation.framework in Frameworks */ = {isa = PBXBuildFile; fileRef = C43B0FC250DB89A2A1BCB5FA /* Pods_NetworkPerformanceEvaluation.framework */; };
		EECD45C927526CD200B2DA26 /* AppDelegate.swift in Sources */ = {isa = PBXBuildFile; fileRef = EECD45C827526CD200B2DA26 /* AppDelegate.swift */; };
		EECD45CB27526CD200B2DA26 /* SceneDelegate.swift in Sources */ = {isa = PBXBuildFile; fileRef = EECD45CA27526CD200B2DA26 /* SceneDelegate.swift */; };
		EECD45CD27526CD200B2DA26 /* ViewController.swift in Sources */ = {isa = PBXBuildFile; fileRef = EECD45CC27526CD200B2DA26 /* ViewController.swift */; };
		EECD45D027526CD200B2DA26 /* Main.storyboard in Resources */ = {isa = PBXBuildFile; fileRef = EECD45CE27526CD200B2DA26 /* Main.storyboard */; };
		EECD45D227526CD300B2DA26 /* Assets.xcassets in Resources */ = {isa = PBXBuildFile; fileRef = EECD45D127526CD300B2DA26 /* Assets.xcassets */; };
		EECD45D527526CD300B2DA26 /* LaunchScreen.storyboard in Resources */ = {isa = PBXBuildFile; fileRef = EECD45D327526CD300B2DA26 /* LaunchScreen.storyboard */; };
/* End PBXBuildFile section */

/* Begin PBXFileReference section */
		48A223EBC79EADFC1B70A016 /* Pods-NetworkPerformanceEvaluation.debug.xcconfig */ = {isa = PBXFileReference; includeInIndex = 1; lastKnownFileType = text.xcconfig; name = "Pods-NetworkPerformanceEvaluation.debug.xcconfig"; path = "Target Support Files/Pods-NetworkPerformanceEvaluation/Pods-NetworkPerformanceEvaluation.debug.xcconfig"; sourceTree = "<group>"; };
		C0C6464C59918EAD3FBBD9EA /* Pods-NetworkPerformanceEvaluation.release.xcconfig */ = {isa = PBXFileReference; includeInIndex = 1; lastKnownFileType = text.xcconfig; name = "Pods-NetworkPerformanceEvaluation.release.xcconfig"; path = "Target Support Files/Pods-NetworkPerformanceEvaluation/Pods-NetworkPerformanceEvaluation.release.xcconfig"; sourceTree = "<group>"; };
		C43B0FC250DB89A2A1BCB5FA /* Pods_NetworkPerformanceEvaluation.framework */ = {isa = PBXFileReference; explicitFileType = wrapper.framework; includeInIndex = 0; path = Pods_NetworkPerformanceEvaluation.framework; sourceTree = BUILT_PRODUCTS_DIR; };
		EECD45C527526CD200B2DA26 /* NetworkPerformanceEvaluation.app */ = {isa = PBXFileReference; explicitFileType = wrapper.application; includeInIndex = 0; path = NetworkPerformanceEvaluation.app; sourceTree = BUILT_PRODUCTS_DIR; };
		EECD45C827526CD200B2DA26 /* AppDelegate.swift */ = {isa = PBXFileReference; lastKnownFileType = sourcecode.swift; path = AppDelegate.swift; sourceTree = "<group>"; };
		EECD45CA27526CD200B2DA26 /* SceneDelegate.swift */ = {isa = PBXFileReference; lastKnownFileType = sourcecode.swift; path = SceneDelegate.swift; sourceTree = "<group>"; };
		EECD45CC27526CD200B2DA26 /* ViewController.swift */ = {isa = PBXFileReference; lastKnownFileType = sourcecode.swift; path = ViewController.swift; sourceTree = "<group>"; };
		EECD45CF27526CD200B2DA26 /* Base */ = {isa = PBXFileReference; lastKnownFileType = file.storyboard; name = Base; path = Base.lproj/Main.storyboard; sourceTree = "<group>"; };
		EECD45D127526CD300B2DA26 /* Assets.xcassets */ = {isa = PBXFileReference; lastKnownFileType = folder.assetcatalog; path = Assets.xcassets; sourceTree = "<group>"; };
		EECD45D427526CD300B2DA26 /* Base */ = {isa = PBXFileReference; lastKnownFileType = file.storyboard; name = Base; path = Base.lproj/LaunchScreen.storyboard; sourceTree = "<group>"; };
		EECD45D627526CD300B2DA26 /* Info.plist */ = {isa = PBXFileReference; lastKnownFileType = text.plist.xml; path = Info.plist; sourceTree = "<group>"; };
/* End PBXFileReference section */

/* Begin PBXFrameworksBuildPhase section */
		EECD45C227526CD200B2DA26 /* Frameworks */ = {
			isa = PBXFrameworksBuildPhase;
			buildActionMask = 2147483647;
			files = (
				B6D206F9E20BC955091587A7 /* Pods_NetworkPerformanceEvaluation.framework in Frameworks */,
			);
			runOnlyForDeploymentPostprocessing = 0;
		};
/* End PBXFrameworksBuildPhase section */

/* Begin PBXGroup section */
		254D2D5A80B1534FFDEB2B24 /* Pods */ = {
			isa = PBXGroup;
			children = (
				48A223EBC79EADFC1B70A016 /* Pods-NetworkPerformanceEvaluation.debug.xcconfig */,
				C0C6464C59918EAD3FBBD9EA /* Pods-NetworkPerformanceEvaluation.release.xcconfig */,
			);
			name = Pods;
			path = Pods;
			sourceTree = "<group>";
		};
		54A32A0996292996E13CF31E /* Frameworks */ = {
			isa = PBXGroup;
			children = (
				C43B0FC250DB89A2A1BCB5FA /* Pods_NetworkPerformanceEvaluation.framework */,
			);
			name = Frameworks;
			sourceTree = "<group>";
		};
		EECD45BC27526CD200B2DA26 = {
			isa = PBXGroup;
			children = (
				EECD45C727526CD200B2DA26 /* NetworkPerformanceEvaluation */,
				EECD45C627526CD200B2DA26 /* Products */,
				254D2D5A80B1534FFDEB2B24 /* Pods */,
				54A32A0996292996E13CF31E /* Frameworks */,
			);
			sourceTree = "<group>";
		};
		EECD45C627526CD200B2DA26 /* Products */ = {
			isa = PBXGroup;
			children = (
				EECD45C527526CD200B2DA26 /* NetworkPerformanceEvaluation.app */,
			);
			name = Products;
			sourceTree = "<group>";
		};
		EECD45C727526CD200B2DA26 /* NetworkPerformanceEvaluation */ = {
			isa = PBXGroup;
			children = (
				EECD45C827526CD200B2DA26 /* AppDelegate.swift */,
				EECD45CA27526CD200B2DA26 /* SceneDelegate.swift */,
				EECD45CC27526CD200B2DA26 /* ViewController.swift */,
				EECD45CE27526CD200B2DA26 /* Main.storyboard */,
				EECD45D127526CD300B2DA26 /* Assets.xcassets */,
				EECD45D327526CD300B2DA26 /* LaunchScreen.storyboard */,
				EECD45D627526CD300B2DA26 /* Info.plist */,
			);
			path = NetworkPerformanceEvaluation;
			sourceTree = "<group>";
		};
/* End PBXGroup section */

/* Begin PBXNativeTarget section */
		EECD45C427526CD200B2DA26 /* NetworkPerformanceEvaluation */ = {
			isa = PBXNativeTarget;
			buildConfigurationList = EECD45D927526CD300B2DA26 /* Build configuration list for PBXNativeTarget "NetworkPerformanceEvaluation" */;
			buildPhases = (
				AE71B1041DF087B50DFF7222 /* [CP] Check Pods Manifest.lock */,
				EECD45C127526CD200B2DA26 /* Sources */,
				EECD45C227526CD200B2DA26 /* Frameworks */,
				EECD45C327526CD200B2DA26 /* Resources */,
				10DD73784462FA4FB0CCE92A /* [CP] Embed Pods Frameworks */,
			);
			buildRules = (
			);
			dependencies = (
			);
			name = NetworkPerformanceEvaluation;
			productName = NetworkPerformanceEvaluation;
			productReference = EECD45C527526CD200B2DA26 /* NetworkPerformanceEvaluation.app */;
			productType = "com.apple.product-type.application";
		};
/* End PBXNativeTarget section */

/* Begin PBXProject section */
		EECD45BD27526CD200B2DA26 /* Project object */ = {
			isa = PBXProject;
			attributes = {
				BuildIndependentTargetsInParallel = 1;
				LastSwiftUpdateCheck = 1310;
				LastUpgradeCheck = 1310;
				TargetAttributes = {
					EECD45C427526CD200B2DA26 = {
						CreatedOnToolsVersion = 13.1;
					};
				};
			};
			buildConfigurationList = EECD45C027526CD200B2DA26 /* Build configuration list for PBXProject "NetworkPerformanceEvaluation" */;
			compatibilityVersion = "Xcode 13.0";
			developmentRegion = en;
			hasScannedForEncodings = 0;
			knownRegions = (
				en,
				Base,
			);
			mainGroup = EECD45BC27526CD200B2DA26;
			productRefGroup = EECD45C627526CD200B2DA26 /* Products */;
			projectDirPath = "";
			projectRoot = "";
			targets = (
				EECD45C427526CD200B2DA26 /* NetworkPerformanceEvaluation */,
			);
		};
/* End PBXProject section */

/* Begin PBXResourcesBuildPhase section */
		EECD45C327526CD200B2DA26 /* Resources */ = {
			isa = PBXResourcesBuildPhase;
			buildActionMask = 2147483647;
			files = (
				EECD45D527526CD300B2DA26 /* LaunchScreen.storyboard in Resources */,
				EECD45D227526CD300B2DA26 /* Assets.xcassets in Resources */,
				EECD45D027526CD200B2DA26 /* Main.storyboard in Resources */,
			);
			runOnlyForDeploymentPostprocessing = 0;
		};
/* End PBXResourcesBuildPhase section */

/* Begin PBXShellScriptBuildPhase section */
		10DD73784462FA4FB0CCE92A /* [CP] Embed Pods Frameworks */ = {
			isa = PBXShellScriptBuildPhase;
			buildActionMask = 2147483647;
			files = (
			);
			inputFileListPaths = (
				"${PODS_ROOT}/Target Support Files/Pods-NetworkPerformanceEvaluation/Pods-NetworkPerformanceEvaluation-frameworks-${CONFIGURATION}-input-files.xcfilelist",
			);
			name = "[CP] Embed Pods Frameworks";
			outputFileListPaths = (
				"${PODS_ROOT}/Target Support Files/Pods-NetworkPerformanceEvaluation/Pods-NetworkPerformanceEvaluation-frameworks-${CONFIGURATION}-output-files.xcfilelist",
			);
			runOnlyForDeploymentPostprocessing = 0;
			shellPath = /bin/sh;
			shellScript = "\"${PODS_ROOT}/Target Support Files/Pods-NetworkPerformanceEvaluation/Pods-NetworkPerformanceEvaluation-frameworks.sh\"\n";
			showEnvVarsInLog = 0;
		};
		AE71B1041DF087B50DFF7222 /* [CP] Check Pods Manifest.lock */ = {
			isa = PBXShellScriptBuildPhase;
			buildActionMask = 2147483647;
			files = (
			);
			inputFileListPaths = (
			);
			inputPaths = (
				"${PODS_PODFILE_DIR_PATH}/Podfile.lock",
				"${PODS_ROOT}/Manifest.lock",
			);
			name = "[CP] Check Pods Manifest.lock";
			outputFileListPaths = (
			);
			outputPaths = (
				"$(DERIVED_FILE_DIR)/Pods-NetworkPerformanceEvaluation-checkManifestLockResult.txt",
			);
			runOnlyForDeploymentPostprocessing = 0;
			shellPath = /bin/sh;
			shellScript = "diff \"${PODS_PODFILE_DIR_PATH}/Podfile.lock\" \"${PODS_ROOT}/Manifest.lock\" > /dev/null\nif [ $? != 0 ] ; then\n    # print error to STDERR\n    echo \"error: The sandbox is not in sync with the Podfile.lock. Run 'pod install' or update your CocoaPods installation.\" >&2\n    exit 1\nfi\n# This output is used by Xcode 'outputs' to avoid re-running this script phase.\necho \"SUCCESS\" > \"${SCRIPT_OUTPUT_FILE_0}\"\n";
			showEnvVarsInLog = 0;
		};
/* End PBXShellScriptBuildPhase section */

/* Begin PBXSourcesBuildPhase section */
		EECD45C127526CD200B2DA26 /* Sources */ = {
			isa = PBXSourcesBuildPhase;
			buildActionMask = 2147483647;
			files = (
				EECD45CD27526CD200B2DA26 /* ViewController.swift in Sources */,
				EECD45C927526CD200B2DA26 /* AppDelegate.swift in Sources */,
				EECD45CB27526CD200B2DA26 /* SceneDelegate.swift in Sources */,
			);
			runOnlyForDeploymentPostprocessing = 0;
		};
/* End PBXSourcesBuildPhase section */

/* Begin PBXVariantGroup section */
		EECD45CE27526CD200B2DA26 /* Main.storyboard */ = {
			isa = PBXVariantGroup;
			children = (
				EECD45CF27526CD200B2DA26 /* Base */,
			);
			name = Main.storyboard;
			sourceTree = "<group>";
		};
		EECD45D327526CD300B2DA26 /* LaunchScreen.storyboard */ = {
			isa = PBXVariantGroup;
			children = (
				EECD45D427526CD300B2DA26 /* Base */,
			);
			name = LaunchScreen.storyboard;
			sourceTree = "<group>";
		};
/* End PBXVariantGroup section */

/* Begin XCBuildConfiguration section */
		EECD45D727526CD300B2DA26 /* Debug */ = {
			isa = XCBuildConfiguration;
			buildSettings = {
				ALWAYS_SEARCH_USER_PATHS = NO;
				CLANG_ANALYZER_NONNULL = YES;
				CLANG_ANALYZER_NUMBER_OBJECT_CONVERSION = YES_AGGRESSIVE;
				CLANG_CXX_LANGUAGE_STANDARD = "gnu++17";
				CLANG_CXX_LIBRARY = "libc++";
				CLANG_ENABLE_MODULES = YES;
				CLANG_ENABLE_OBJC_ARC = YES;
				CLANG_ENABLE_OBJC_WEAK = YES;
				CLANG_WARN_BLOCK_CAPTURE_AUTORELEASING = YES;
				CLANG_WARN_BOOL_CONVERSION = YES;
				CLANG_WARN_COMMA = YES;
				CLANG_WARN_CONSTANT_CONVERSION = YES;
				CLANG_WARN_DEPRECATED_OBJC_IMPLEMENTATIONS = YES;
				CLANG_WARN_DIRECT_OBJC_ISA_USAGE = YES_ERROR;
				CLANG_WARN_DOCUMENTATION_COMMENTS = YES;
				CLANG_WARN_EMPTY_BODY = YES;
				CLANG_WARN_ENUM_CONVERSION = YES;
				CLANG_WARN_INFINITE_RECURSION = YES;
				CLANG_WARN_INT_CONVERSION = YES;
				CLANG_WARN_NON_LITERAL_NULL_CONVERSION = YES;
				CLANG_WARN_OBJC_IMPLICIT_RETAIN_SELF = YES;
				CLANG_WARN_OBJC_LITERAL_CONVERSION = YES;
				CLANG_WARN_OBJC_ROOT_CLASS = YES_ERROR;
				CLANG_WARN_QUOTED_INCLUDE_IN_FRAMEWORK_HEADER = YES;
				CLANG_WARN_RANGE_LOOP_ANALYSIS = YES;
				CLANG_WARN_STRICT_PROTOTYPES = YES;
				CLANG_WARN_SUSPICIOUS_MOVE = YES;
				CLANG_WARN_UNGUARDED_AVAILABILITY = YES_AGGRESSIVE;
				CLANG_WARN_UNREACHABLE_CODE = YES;
				CLANG_WARN__DUPLICATE_METHOD_MATCH = YES;
				COPY_PHASE_STRIP = NO;
				DEBUG_INFORMATION_FORMAT = dwarf;
				ENABLE_STRICT_OBJC_MSGSEND = YES;
				ENABLE_TESTABILITY = YES;
				GCC_C_LANGUAGE_STANDARD = gnu11;
				GCC_DYNAMIC_NO_PIC = NO;
				GCC_NO_COMMON_BLOCKS = YES;
				GCC_OPTIMIZATION_LEVEL = 0;
				GCC_PREPROCESSOR_DEFINITIONS = (
					"DEBUG=1",
					"$(inherited)",
				);
				GCC_WARN_64_TO_32_BIT_CONVERSION = YES;
				GCC_WARN_ABOUT_RETURN_TYPE = YES_ERROR;
				GCC_WARN_UNDECLARED_SELECTOR = YES;
				GCC_WARN_UNINITIALIZED_AUTOS = YES_AGGRESSIVE;
				GCC_WARN_UNUSED_FUNCTION = YES;
				GCC_WARN_UNUSED_VARIABLE = YES;
				IPHONEOS_DEPLOYMENT_TARGET = 15.0;
				MTL_ENABLE_DEBUG_INFO = INCLUDE_SOURCE;
				MTL_FAST_MATH = YES;
				ONLY_ACTIVE_ARCH = YES;
				SDKROOT = iphoneos;
				SWIFT_ACTIVE_COMPILATION_CONDITIONS = DEBUG;
				SWIFT_OPTIMIZATION_LEVEL = "-Onone";
			};
			name = Debug;
		};
		EECD45D827526CD300B2DA26 /* Release */ = {
			isa = XCBuildConfiguration;
			buildSettings = {
				ALWAYS_SEARCH_USER_PATHS = NO;
				CLANG_ANALYZER_NONNULL = YES;
				CLANG_ANALYZER_NUMBER_OBJECT_CONVERSION = YES_AGGRESSIVE;
				CLANG_CXX_LANGUAGE_STANDARD = "gnu++17";
				CLANG_CXX_LIBRARY = "libc++";
				CLANG_ENABLE_MODULES = YES;
				CLANG_ENABLE_OBJC_ARC = YES;
				CLANG_ENABLE_OBJC_WEAK = YES;
				CLANG_WARN_BLOCK_CAPTURE_AUTORELEASING = YES;
				CLANG_WARN_BOOL_CONVERSION = YES;
				CLANG_WARN_COMMA = YES;
				CLANG_WARN_CONSTANT_CONVERSION = YES;
				CLANG_WARN_DEPRECATED_OBJC_IMPLEMENTATIONS = YES;
				CLANG_WARN_DIRECT_OBJC_ISA_USAGE = YES_ERROR;
				CLANG_WARN_DOCUMENTATION_COMMENTS = YES;
				CLANG_WARN_EMPTY_BODY = YES;
				CLANG_WARN_ENUM_CONVERSION = YES;
				CLANG_WARN_INFINITE_RECURSION = YES;
				CLANG_WARN_INT_CONVERSION = YES;
				CLANG_WARN_NON_LITERAL_NULL_CONVERSION = YES;
				CLANG_WARN_OBJC_IMPLICIT_RETAIN_SELF = YES;
				CLANG_WARN_OBJC_LITERAL_CONVERSION = YES;
				CLANG_WARN_OBJC_ROOT_CLASS = YES_ERROR;
				CLANG_WARN_QUOTED_INCLUDE_IN_FRAMEWORK_HEADER = YES;
				CLANG_WARN_RANGE_LOOP_ANALYSIS = YES;
				CLANG_WARN_STRICT_PROTOTYPES = YES;
				CLANG_WARN_SUSPICIOUS_MOVE = YES;
				CLANG_WARN_UNGUARDED_AVAILABILITY = YES_AGGRESSIVE;
				CLANG_WARN_UNREACHABLE_CODE = YES;
				CLANG_WARN__DUPLICATE_METHOD_MATCH = YES;
				COPY_PHASE_STRIP = NO;
				DEBUG_INFORMATION_FORMAT = "dwarf-with-dsym";
				ENABLE_NS_ASSERTIONS = NO;
				ENABLE_STRICT_OBJC_MSGSEND = YES;
				GCC_C_LANGUAGE_STANDARD = gnu11;
				GCC_NO_COMMON_BLOCKS = YES;
				GCC_WARN_64_TO_32_BIT_CONVERSION = YES;
				GCC_WARN_ABOUT_RETURN_TYPE = YES_ERROR;
				GCC_WARN_UNDECLARED_SELECTOR = YES;
				GCC_WARN_UNINITIALIZED_AUTOS = YES_AGGRESSIVE;
				GCC_WARN_UNUSED_FUNCTION = YES;
				GCC_WARN_UNUSED_VARIABLE = YES;
				IPHONEOS_DEPLOYMENT_TARGET = 15.0;
				MTL_ENABLE_DEBUG_INFO = NO;
				MTL_FAST_MATH = YES;
				SDKROOT = iphoneos;
				SWIFT_COMPILATION_MODE = wholemodule;
				SWIFT_OPTIMIZATION_LEVEL = "-O";
				VALIDATE_PRODUCT = YES;
			};
			name = Release;
		};
		EECD45DA27526CD300B2DA26 /* Debug */ = {
			isa = XCBuildConfiguration;
			baseConfigurationReference = 48A223EBC79EADFC1B70A016 /* Pods-NetworkPerformanceEvaluation.debug.xcconfig */;
			buildSettings = {
				ASSETCATALOG_COMPILER_APPICON_NAME = AppIcon;
				ASSETCATALOG_COMPILER_GLOBAL_ACCENT_COLOR_NAME = AccentColor;
				CODE_SIGN_STYLE = Automatic;
				CURRENT_PROJECT_VERSION = 1;
				DEVELOPMENT_TEAM = 7JA353ZJMP;
				GENERATE_INFOPLIST_FILE = YES;
				INFOPLIST_FILE = NetworkPerformanceEvaluation/Info.plist;
				INFOPLIST_KEY_UIApplicationSupportsIndirectInputEvents = YES;
				INFOPLIST_KEY_UILaunchStoryboardName = LaunchScreen;
				INFOPLIST_KEY_UIMainStoryboardFile = Main;
				INFOPLIST_KEY_UISupportedInterfaceOrientations_iPad = "UIInterfaceOrientationPortrait UIInterfaceOrientationPortraitUpsideDown UIInterfaceOrientationLandscapeLeft UIInterfaceOrientationLandscapeRight";
				INFOPLIST_KEY_UISupportedInterfaceOrientations_iPhone = "UIInterfaceOrientationPortrait UIInterfaceOrientationLandscapeLeft UIInterfaceOrientationLandscapeRight";
				LD_RUNPATH_SEARCH_PATHS = (
					"$(inherited)",
					"@executable_path/Frameworks",
				);
				MARKETING_VERSION = 1.0;
				PRODUCT_BUNDLE_IDENTIFIER = JiHoonAHN.NetworkPerformanceEvaluation;
				PRODUCT_NAME = "$(TARGET_NAME)";
				SWIFT_EMIT_LOC_STRINGS = YES;
				SWIFT_VERSION = 5.0;
				TARGETED_DEVICE_FAMILY = "1,2";
			};
			name = Debug;
		};
		EECD45DB27526CD300B2DA26 /* Release */ = {
			isa = XCBuildConfiguration;
			baseConfigurationReference = C0C6464C59918EAD3FBBD9EA /* Pods-NetworkPerformanceEvaluation.release.xcconfig */;
			buildSettings = {
				ASSETCATALOG_COMPILER_APPICON_NAME = AppIcon;
				ASSETCATALOG_COMPILER_GLOBAL_ACCENT_COLOR_NAME = AccentColor;
				CODE_SIGN_STYLE = Automatic;
				CURRENT_PROJECT_VERSION = 1;
				DEVELOPMENT_TEAM = 7JA353ZJMP;
				GENERATE_INFOPLIST_FILE = YES;
				INFOPLIST_FILE = NetworkPerformanceEvaluation/Info.plist;
				INFOPLIST_KEY_UIApplicationSupportsIndirectInputEvents = YES;
				INFOPLIST_KEY_UILaunchStoryboardName = LaunchScreen;
				INFOPLIST_KEY_UIMainStoryboardFile = Main;
				INFOPLIST_KEY_UISupportedInterfaceOrientations_iPad = "UIInterfaceOrientationPortrait UIInterfaceOrientationPortraitUpsideDown UIInterfaceOrientationLandscapeLeft UIInterfaceOrientationLandscapeRight";
				INFOPLIST_KEY_UISupportedInterfaceOrientations_iPhone = "UIInterfaceOrientationPortrait UIInterfaceOrientationLandscapeLeft UIInterfaceOrientationLandscapeRight";
				LD_RUNPATH_SEARCH_PATHS = (
					"$(inherited)",
					"@executable_path/Frameworks",
				);
				MARKETING_VERSION = 1.0;
				PRODUCT_BUNDLE_IDENTIFIER = JiHoonAHN.NetworkPerformanceEvaluation;
				PRODUCT_NAME = "$(TARGET_NAME)";
				SWIFT_EMIT_LOC_STRINGS = YES;
				SWIFT_VERSION = 5.0;
				TARGETED_DEVICE_FAMILY = "1,2";
			};
			name = Release;
		};
/* End XCBuildConfiguration section */

/* Begin XCConfigurationList section */
		EECD45C027526CD200B2DA26 /* Build configuration list for PBXProject "NetworkPerformanceEvaluation" */ = {
			isa = XCConfigurationList;
			buildConfigurations = (
				EECD45D727526CD300B2DA26 /* Debug */,
				EECD45D827526CD300B2DA26 /* Release */,
			);
			defaultConfigurationIsVisible = 0;
			defaultConfigurationName = Release;
		};
		EECD45D927526CD300B2DA26 /* Build configuration list for PBXNativeTarget "NetworkPerformanceEvaluation" */ = {
			isa = XCConfigurationList;
			buildConfigurations = (
				EECD45DA27526CD300B2DA26 /* Debug */,
				EECD45DB27526CD300B2DA26 /* Release */,
			);
			defaultConfigurationIsVisible = 0;
			defaultConfigurationName = Release;
		};
/* End XCConfigurationList section */
	};
	rootObject = EECD45BD27526CD200B2DA26 /* Project object */;
}
